
Microsoft Visual Studio Solution File, Format Version 12.00
# Visual Studio Version 16
VisualStudioVersion = 16.0.29728.190
MinimumVisualStudioVersion = 10.0.40219.1
Project("{FAE04EC0-301F-11D3-BF4B-00C04F79EFBC}") = "Checkout", "Checkout\Checkout.csproj", "{4D799BD0-29C8-45AF-A2E2-66A1FDEE09A6}"
EndProject
Global
	GlobalSection(SolutionConfigurationPlatforms) = preSolution
		Debug|Any CPU = Debug|Any CPU
		Release|Any CPU = Release|Any CPU
	EndGlobalSection
	GlobalSection(ProjectConfigurationPlatforms) = postSolution
		{4D799BD0-29C8-45AF-A2E2-66A1FDEE09A6}.Debug|Any CPU.ActiveCfg = Debug|Any CPU
		{4D799BD0-29C8-45AF-A2E2-66A1FDEE09A6}.Debug|Any CPU.Build.0 = Debug|Any CPU
		{4D799BD0-29C8-45AF-A2E2-66A1FDEE09A6}.Release|Any CPU.ActiveCfg = Release|Any CPU
		{4D799BD0-29C8-45AF-A2E2-66A1FDEE09A6}.Release|Any CPU.Build.0 = Release|Any CPU
	EndGlobalSection
	GlobalSection(SolutionProperties) = preSolution
		HideSolutionNode = FALSE
	EndGlobalSection
	GlobalSection(ExtensibilityGlobals) = postSolution
		SolutionGuid = {A9421F6B-792A-4F6A-85FF-BF05570811BA}
	EndGlobalSection
EndGlobal
